// !$*UTF8*$!
{
	archiveVersion = 1;
	classes = {
	};
	objectVersion = 50;
	objects = {

/* Begin PBXBuildFile section */
		C9546CCE20F7C934001C9498 /* AppDelegate.swift in Sources */ = {isa = PBXBuildFile; fileRef = C9546CCD20F7C934001C9498 /* AppDelegate.swift */; };
		C9546CD020F7C934001C9498 /* LoginVC.swift in Sources */ = {isa = PBXBuildFile; fileRef = C9546CCF20F7C934001C9498 /* LoginVC.swift */; };
		C9546CD320F7C934001C9498 /* Main.storyboard in Resources */ = {isa = PBXBuildFile; fileRef = C9546CD120F7C934001C9498 /* Main.storyboard */; };
		C9546CD520F7C934001C9498 /* Assets.xcassets in Resources */ = {isa = PBXBuildFile; fileRef = C9546CD420F7C934001C9498 /* Assets.xcassets */; };
		C9546CD820F7C935001C9498 /* LaunchScreen.storyboard in Resources */ = {isa = PBXBuildFile; fileRef = C9546CD620F7C935001C9498 /* LaunchScreen.storyboard */; };
		C9EF52422183DD120006D2F8 /* MainMenuVC.swift in Sources */ = {isa = PBXBuildFile; fileRef = C9EF52412183DD120006D2F8 /* MainMenuVC.swift */; };
		D0A4AD45218381ED007017FF /* RosterVC.swift in Sources */ = {isa = PBXBuildFile; fileRef = D0A4AD44218381ED007017FF /* RosterVC.swift */; };
		D0A4AD492183BB9B007017FF /* GoogleService-Info.plist in Resources */ = {isa = PBXBuildFile; fileRef = D0A4AD482183BB9B007017FF /* GoogleService-Info.plist */; };
		D0A4AD4B2183F5A7007017FF /* RosterVCTableViewCell.swift in Sources */ = {isa = PBXBuildFile; fileRef = D0A4AD4A2183F5A7007017FF /* RosterVCTableViewCell.swift */; };
		D0A4AD4D2183F659007017FF /* PlayerModel.swift in Sources */ = {isa = PBXBuildFile; fileRef = D0A4AD4C2183F659007017FF /* PlayerModel.swift */; };
		F58F9FB3886F7B77269F290C /* Pods_ESA.framework in Frameworks */ = {isa = PBXBuildFile; fileRef = D95CFE312D07663FD04A06A1 /* Pods_ESA.framework */; };
/* End PBXBuildFile section */

/* Begin PBXFileReference section */
		0979E07C894EB8A2D3C4D552 /* Pods-ESA.debug.xcconfig */ = {isa = PBXFileReference; includeInIndex = 1; lastKnownFileType = text.xcconfig; name = "Pods-ESA.debug.xcconfig"; path = "Pods/Target Support Files/Pods-ESA/Pods-ESA.debug.xcconfig"; sourceTree = "<group>"; };
		442B9ECAAD2F811D3919539E /* Pods-ESA.release.xcconfig */ = {isa = PBXFileReference; includeInIndex = 1; lastKnownFileType = text.xcconfig; name = "Pods-ESA.release.xcconfig"; path = "Pods/Target Support Files/Pods-ESA/Pods-ESA.release.xcconfig"; sourceTree = "<group>"; };
		C9546CCA20F7C934001C9498 /* ESA.app */ = {isa = PBXFileReference; explicitFileType = wrapper.application; includeInIndex = 0; path = ESA.app; sourceTree = BUILT_PRODUCTS_DIR; };
		C9546CCD20F7C934001C9498 /* AppDelegate.swift */ = {isa = PBXFileReference; lastKnownFileType = sourcecode.swift; path = AppDelegate.swift; sourceTree = "<group>"; };
		C9546CCF20F7C934001C9498 /* LoginVC.swift */ = {isa = PBXFileReference; lastKnownFileType = sourcecode.swift; path = LoginVC.swift; sourceTree = "<group>"; };
		C9546CD220F7C934001C9498 /* Base */ = {isa = PBXFileReference; lastKnownFileType = file.storyboard; name = Base; path = Base.lproj/Main.storyboard; sourceTree = "<group>"; };
		C9546CD420F7C934001C9498 /* Assets.xcassets */ = {isa = PBXFileReference; lastKnownFileType = folder.assetcatalog; path = Assets.xcassets; sourceTree = "<group>"; };
		C9546CD720F7C935001C9498 /* Base */ = {isa = PBXFileReference; lastKnownFileType = file.storyboard; name = Base; path = Base.lproj/LaunchScreen.storyboard; sourceTree = "<group>"; };
		C9546CD920F7C935001C9498 /* Info.plist */ = {isa = PBXFileReference; lastKnownFileType = text.plist.xml; path = Info.plist; sourceTree = "<group>"; };
		C9EF52412183DD120006D2F8 /* MainMenuVC.swift */ = {isa = PBXFileReference; lastKnownFileType = sourcecode.swift; path = MainMenuVC.swift; sourceTree = "<group>"; };
		D0A4AD44218381ED007017FF /* RosterVC.swift */ = {isa = PBXFileReference; lastKnownFileType = sourcecode.swift; path = RosterVC.swift; sourceTree = "<group>"; };
		D0A4AD482183BB9B007017FF /* GoogleService-Info.plist */ = {isa = PBXFileReference; fileEncoding = 4; lastKnownFileType = text.plist.xml; path = "GoogleService-Info.plist"; sourceTree = "<group>"; };
		D0A4AD4A2183F5A7007017FF /* RosterVCTableViewCell.swift */ = {isa = PBXFileReference; lastKnownFileType = sourcecode.swift; path = RosterVCTableViewCell.swift; sourceTree = "<group>"; };
		D0A4AD4C2183F659007017FF /* PlayerModel.swift */ = {isa = PBXFileReference; lastKnownFileType = sourcecode.swift; path = PlayerModel.swift; sourceTree = "<group>"; };
		D95CFE312D07663FD04A06A1 /* Pods_ESA.framework */ = {isa = PBXFileReference; explicitFileType = wrapper.framework; includeInIndex = 0; path = Pods_ESA.framework; sourceTree = BUILT_PRODUCTS_DIR; };
/* End PBXFileReference section */

/* Begin PBXFrameworksBuildPhase section */
		C9546CC720F7C934001C9498 /* Frameworks */ = {
			isa = PBXFrameworksBuildPhase;
			buildActionMask = 2147483647;
			files = (
				F58F9FB3886F7B77269F290C /* Pods_ESA.framework in Frameworks */,
			);
			runOnlyForDeploymentPostprocessing = 0;
		};
/* End PBXFrameworksBuildPhase section */

/* Begin PBXGroup section */
		4185657D36FEDD14A3813583 /* Frameworks */ = {
			isa = PBXGroup;
			children = (
				D95CFE312D07663FD04A06A1 /* Pods_ESA.framework */,
			);
			name = Frameworks;
			sourceTree = "<group>";
		};
		C9546CC120F7C933001C9498 = {
			isa = PBXGroup;
			children = (
				C9546CCC20F7C934001C9498 /* ESA */,
				C9546CCB20F7C934001C9498 /* Products */,
				FA69121C2264D0BA7DBC5E17 /* Pods */,
				4185657D36FEDD14A3813583 /* Frameworks */,
			);
			sourceTree = "<group>";
		};
		C9546CCB20F7C934001C9498 /* Products */ = {
			isa = PBXGroup;
			children = (
				C9546CCA20F7C934001C9498 /* ESA.app */,
			);
			name = Products;
			sourceTree = "<group>";
		};
		C9546CCC20F7C934001C9498 /* ESA */ = {
			isa = PBXGroup;
			children = (
				D0A4AD4A2183F5A7007017FF /* RosterVCTableViewCell.swift */,
				D0A4AD482183BB9B007017FF /* GoogleService-Info.plist */,
				C9546CCD20F7C934001C9498 /* AppDelegate.swift */,
				C9546CCF20F7C934001C9498 /* LoginVC.swift */,
				C9EF52412183DD120006D2F8 /* MainMenuVC.swift */,
				C9546CD120F7C934001C9498 /* Main.storyboard */,
				D0A4AD4C2183F659007017FF /* PlayerModel.swift */,
				C9546CD420F7C934001C9498 /* Assets.xcassets */,
				C9546CD620F7C935001C9498 /* LaunchScreen.storyboard */,
				C9546CD920F7C935001C9498 /* Info.plist */,
				D0A4AD44218381ED007017FF /* RosterVC.swift */,
			);
			path = ESA;
			sourceTree = "<group>";
		};
		FA69121C2264D0BA7DBC5E17 /* Pods */ = {
			isa = PBXGroup;
			children = (
				0979E07C894EB8A2D3C4D552 /* Pods-ESA.debug.xcconfig */,
				442B9ECAAD2F811D3919539E /* Pods-ESA.release.xcconfig */,
			);
			name = Pods;
			sourceTree = "<group>";
		};
/* End PBXGroup section */

/* Begin PBXNativeTarget section */
		C9546CC920F7C934001C9498 /* ESA */ = {
			isa = PBXNativeTarget;
			buildConfigurationList = C9546CDC20F7C935001C9498 /* Build configuration list for PBXNativeTarget "ESA" */;
			buildPhases = (
				6BA0D6BE8D12D90419F1154E /* [CP] Check Pods Manifest.lock */,
				C9546CC620F7C934001C9498 /* Sources */,
				C9546CC720F7C934001C9498 /* Frameworks */,
				C9546CC820F7C934001C9498 /* Resources */,
				2D765DB4251057DD25DCBE6C /* [CP] Embed Pods Frameworks */,
			);
			buildRules = (
			);
			dependencies = (
			);
			name = ESA;
			productName = ESA;
			productReference = C9546CCA20F7C934001C9498 /* ESA.app */;
			productType = "com.apple.product-type.application";
		};
/* End PBXNativeTarget section */

/* Begin PBXProject section */
		C9546CC220F7C934001C9498 /* Project object */ = {
			isa = PBXProject;
			attributes = {
				LastSwiftUpdateCheck = 0940;
				LastUpgradeCheck = 0940;
				ORGANIZATIONNAME = "Tony Fang";
				TargetAttributes = {
					C9546CC920F7C934001C9498 = {
						CreatedOnToolsVersion = 9.4.1;
					};
				};
			};
			buildConfigurationList = C9546CC520F7C934001C9498 /* Build configuration list for PBXProject "ESA" */;
			compatibilityVersion = "Xcode 9.3";
			developmentRegion = en;
			hasScannedForEncodings = 0;
			knownRegions = (
				en,
				Base,
			);
			mainGroup = C9546CC120F7C933001C9498;
			productRefGroup = C9546CCB20F7C934001C9498 /* Products */;
			projectDirPath = "";
			projectRoot = "";
			targets = (
				C9546CC920F7C934001C9498 /* ESA */,
			);
		};
/* End PBXProject section */

/* Begin PBXResourcesBuildPhase section */
		C9546CC820F7C934001C9498 /* Resources */ = {
			isa = PBXResourcesBuildPhase;
			buildActionMask = 2147483647;
			files = (
				C9546CD820F7C935001C9498 /* LaunchScreen.storyboard in Resources */,
				D0A4AD492183BB9B007017FF /* GoogleService-Info.plist in Resources */,
				C9546CD520F7C934001C9498 /* Assets.xcassets in Resources */,
				C9546CD320F7C934001C9498 /* Main.storyboard in Resources */,
			);
			runOnlyForDeploymentPostprocessing = 0;
		};
/* End PBXResourcesBuildPhase section */

/* Begin PBXShellScriptBuildPhase section */
		2D765DB4251057DD25DCBE6C /* [CP] Embed Pods Frameworks */ = {
			isa = PBXShellScriptBuildPhase;
			buildActionMask = 2147483647;
			files = (
			);
			inputPaths = (
				"${SRCROOT}/Pods/Target Support Files/Pods-ESA/Pods-ESA-frameworks.sh",
				"${BUILT_PRODUCTS_DIR}/GoogleUtilities/GoogleUtilities.framework",
				"${BUILT_PRODUCTS_DIR}/leveldb-library/leveldb.framework",
				"${BUILT_PRODUCTS_DIR}/nanopb/nanopb.framework",
			);
			name = "[CP] Embed Pods Frameworks";
			outputPaths = (
				"${TARGET_BUILD_DIR}/${FRAMEWORKS_FOLDER_PATH}/GoogleUtilities.framework",
				"${TARGET_BUILD_DIR}/${FRAMEWORKS_FOLDER_PATH}/leveldb.framework",
				"${TARGET_BUILD_DIR}/${FRAMEWORKS_FOLDER_PATH}/nanopb.framework",
			);
			runOnlyForDeploymentPostprocessing = 0;
			shellPath = /bin/sh;
			shellScript = "\"${SRCROOT}/Pods/Target Support Files/Pods-ESA/Pods-ESA-frameworks.sh\"\n";
			showEnvVarsInLog = 0;
		};
		6BA0D6BE8D12D90419F1154E /* [CP] Check Pods Manifest.lock */ = {
			isa = PBXShellScriptBuildPhase;
			buildActionMask = 2147483647;
			files = (
			);
			inputPaths = (
				"${PODS_PODFILE_DIR_PATH}/Podfile.lock",
				"${PODS_ROOT}/Manifest.lock",
			);
			name = "[CP] Check Pods Manifest.lock";
			outputPaths = (
				"$(DERIVED_FILE_DIR)/Pods-ESA-checkManifestLockResult.txt",
			);
			runOnlyForDeploymentPostprocessing = 0;
			shellPath = /bin/sh;
			shellScript = "diff \"${PODS_PODFILE_DIR_PATH}/Podfile.lock\" \"${PODS_ROOT}/Manifest.lock\" > /dev/null\nif [ $? != 0 ] ; then\n    # print error to STDERR\n    echo \"error: The sandbox is not in sync with the Podfile.lock. Run 'pod install' or update your CocoaPods installation.\" >&2\n    exit 1\nfi\n# This output is used by Xcode 'outputs' to avoid re-running this script phase.\necho \"SUCCESS\" > \"${SCRIPT_OUTPUT_FILE_0}\"\n";
			showEnvVarsInLog = 0;
		};
/* End PBXShellScriptBuildPhase section */

/* Begin PBXSourcesBuildPhase section */
		C9546CC620F7C934001C9498 /* Sources */ = {
			isa = PBXSourcesBuildPhase;
			buildActionMask = 2147483647;
			files = (
				D0A4AD4D2183F659007017FF /* PlayerModel.swift in Sources */,
				D0A4AD45218381ED007017FF /* RosterVC.swift in Sources */,
				D0A4AD4B2183F5A7007017FF /* RosterVCTableViewCell.swift in Sources */,
				C9546CD020F7C934001C9498 /* LoginVC.swift in Sources */,
				C9EF52422183DD120006D2F8 /* MainMenuVC.swift in Sources */,
				C9546CCE20F7C934001C9498 /* AppDelegate.swift in Sources */,
			);
			runOnlyForDeploymentPostprocessing = 0;
		};
/* End PBXSourcesBuildPhase section */

/* Begin PBXVariantGroup section */
		C9546CD120F7C934001C9498 /* Main.storyboard */ = {
			isa = PBXVariantGroup;
			children = (
				C9546CD220F7C934001C9498 /* Base */,
			);
			name = Main.storyboard;
			sourceTree = "<group>";
		};
		C9546CD620F7C935001C9498 /* LaunchScreen.storyboard */ = {
			isa = PBXVariantGroup;
			children = (
				C9546CD720F7C935001C9498 /* Base */,
			);
			name = LaunchScreen.storyboard;
			sourceTree = "<group>";
		};
/* End PBXVariantGroup section */

/* Begin XCBuildConfiguration section */
		C9546CDA20F7C935001C9498 /* Debug */ = {
			isa = XCBuildConfiguration;
			buildSettings = {
				ALWAYS_SEARCH_USER_PATHS = NO;
				CLANG_ANALYZER_NONNULL = YES;
				CLANG_ANALYZER_NUMBER_OBJECT_CONVERSION = YES_AGGRESSIVE;
				CLANG_CXX_LANGUAGE_STANDARD = "gnu++14";
				CLANG_CXX_LIBRARY = "libc++";
				CLANG_ENABLE_MODULES = YES;
				CLANG_ENABLE_OBJC_ARC = YES;
				CLANG_ENABLE_OBJC_WEAK = YES;
				CLANG_WARN_BLOCK_CAPTURE_AUTORELEASING = YES;
				CLANG_WARN_BOOL_CONVERSION = YES;
				CLANG_WARN_COMMA = YES;
				CLANG_WARN_CONSTANT_CONVERSION = YES;
				CLANG_WARN_DEPRECATED_OBJC_IMPLEMENTATIONS = YES;
				CLANG_WARN_DIRECT_OBJC_ISA_USAGE = YES_ERROR;
				CLANG_WARN_DOCUMENTATION_COMMENTS = YES;
				CLANG_WARN_EMPTY_BODY = YES;
				CLANG_WARN_ENUM_CONVERSION = YES;
				CLANG_WARN_INFINITE_RECURSION = YES;
				CLANG_WARN_INT_CONVERSION = YES;
				CLANG_WARN_NON_LITERAL_NULL_CONVERSION = YES;
				CLANG_WARN_OBJC_IMPLICIT_RETAIN_SELF = YES;
				CLANG_WARN_OBJC_LITERAL_CONVERSION = YES;
				CLANG_WARN_OBJC_ROOT_CLASS = YES_ERROR;
				CLANG_WARN_RANGE_LOOP_ANALYSIS = YES;
				CLANG_WARN_STRICT_PROTOTYPES = YES;
				CLANG_WARN_SUSPICIOUS_MOVE = YES;
				CLANG_WARN_UNGUARDED_AVAILABILITY = YES_AGGRESSIVE;
				CLANG_WARN_UNREACHABLE_CODE = YES;
				CLANG_WARN__DUPLICATE_METHOD_MATCH = YES;
				CODE_SIGN_IDENTITY = "iPhone Developer";
				COPY_PHASE_STRIP = NO;
				DEBUG_INFORMATION_FORMAT = dwarf;
				ENABLE_STRICT_OBJC_MSGSEND = YES;
				ENABLE_TESTABILITY = YES;
				GCC_C_LANGUAGE_STANDARD = gnu11;
				GCC_DYNAMIC_NO_PIC = NO;
				GCC_NO_COMMON_BLOCKS = YES;
				GCC_OPTIMIZATION_LEVEL = 0;
				GCC_PREPROCESSOR_DEFINITIONS = (
					"DEBUG=1",
					"$(inherited)",
				);
				GCC_WARN_64_TO_32_BIT_CONVERSION = YES;
				GCC_WARN_ABOUT_RETURN_TYPE = YES_ERROR;
				GCC_WARN_UNDECLARED_SELECTOR = YES;
				GCC_WARN_UNINITIALIZED_AUTOS = YES_AGGRESSIVE;
				GCC_WARN_UNUSED_FUNCTION = YES;
				GCC_WARN_UNUSED_VARIABLE = YES;
				IPHONEOS_DEPLOYMENT_TARGET = 11.4;
				MTL_ENABLE_DEBUG_INFO = YES;
				ONLY_ACTIVE_ARCH = YES;
				SDKROOT = iphoneos;
				SWIFT_ACTIVE_COMPILATION_CONDITIONS = DEBUG;
				SWIFT_OPTIMIZATION_LEVEL = "-Onone";
			};
			name = Debug;
		};
		C9546CDB20F7C935001C9498 /* Release */ = {
			isa = XCBuildConfiguration;
			buildSettings = {
				ALWAYS_SEARCH_USER_PATHS = NO;
				CLANG_ANALYZER_NONNULL = YES;
				CLANG_ANALYZER_NUMBER_OBJECT_CONVERSION = YES_AGGRESSIVE;
				CLANG_CXX_LANGUAGE_STANDARD = "gnu++14";
				CLANG_CXX_LIBRARY = "libc++";
				CLANG_ENABLE_MODULES = YES;
				CLANG_ENABLE_OBJC_ARC = YES;
				CLANG_ENABLE_OBJC_WEAK = YES;
				CLANG_WARN_BLOCK_CAPTURE_AUTORELEASING = YES;
				CLANG_WARN_BOOL_CONVERSION = YES;
				CLANG_WARN_COMMA = YES;
				CLANG_WARN_CONSTANT_CONVERSION = YES;
				CLANG_WARN_DEPRECATED_OBJC_IMPLEMENTATIONS = YES;
				CLANG_WARN_DIRECT_OBJC_ISA_USAGE = YES_ERROR;
				CLANG_WARN_DOCUMENTATION_COMMENTS = YES;
				CLANG_WARN_EMPTY_BODY = YES;
				CLANG_WARN_ENUM_CONVERSION = YES;
				CLANG_WARN_INFINITE_RECURSION = YES;
				CLANG_WARN_INT_CONVERSION = YES;
				CLANG_WARN_NON_LITERAL_NULL_CONVERSION = YES;
				CLANG_WARN_OBJC_IMPLICIT_RETAIN_SELF = YES;
				CLANG_WARN_OBJC_LITERAL_CONVERSION = YES;
				CLANG_WARN_OBJC_ROOT_CLASS = YES_ERROR;
				CLANG_WARN_RANGE_LOOP_ANALYSIS = YES;
				CLANG_WARN_STRICT_PROTOTYPES = YES;
				CLANG_WARN_SUSPICIOUS_MOVE = YES;
				CLANG_WARN_UNGUARDED_AVAILABILITY = YES_AGGRESSIVE;
				CLANG_WARN_UNREACHABLE_CODE = YES;
				CLANG_WARN__DUPLICATE_METHOD_MATCH = YES;
				CODE_SIGN_IDENTITY = "iPhone Developer";
				COPY_PHASE_STRIP = NO;
				DEBUG_INFORMATION_FORMAT = "dwarf-with-dsym";
				ENABLE_NS_ASSERTIONS = NO;
				ENABLE_STRICT_OBJC_MSGSEND = YES;
				GCC_C_LANGUAGE_STANDARD = gnu11;
				GCC_NO_COMMON_BLOCKS = YES;
				GCC_WARN_64_TO_32_BIT_CONVERSION = YES;
				GCC_WARN_ABOUT_RETURN_TYPE = YES_ERROR;
				GCC_WARN_UNDECLARED_SELECTOR = YES;
				GCC_WARN_UNINITIALIZED_AUTOS = YES_AGGRESSIVE;
				GCC_WARN_UNUSED_FUNCTION = YES;
				GCC_WARN_UNUSED_VARIABLE = YES;
				IPHONEOS_DEPLOYMENT_TARGET = 11.4;
				MTL_ENABLE_DEBUG_INFO = NO;
				SDKROOT = iphoneos;
				SWIFT_COMPILATION_MODE = wholemodule;
				SWIFT_OPTIMIZATION_LEVEL = "-O";
				VALIDATE_PRODUCT = YES;
			};
			name = Release;
		};
		C9546CDD20F7C935001C9498 /* Debug */ = {
			isa = XCBuildConfiguration;
			baseConfigurationReference = 0979E07C894EB8A2D3C4D552 /* Pods-ESA.debug.xcconfig */;
			buildSettings = {
				ASSETCATALOG_COMPILER_APPICON_NAME = AppIcon;
				CODE_SIGN_IDENTITY = "iPhone Developer";
				CODE_SIGN_STYLE = Automatic;
				DEVELOPMENT_TEAM = "";
				INFOPLIST_FILE = ESA/Info.plist;
				LD_RUNPATH_SEARCH_PATHS = (
					"$(inherited)",
					"@executable_path/Frameworks",
				);
				PRODUCT_BUNDLE_IDENTIFIER = com.Tony.ESA;
				PRODUCT_NAME = "$(TARGET_NAME)";
				PROVISIONING_PROFILE_SPECIFIER = "";
				SWIFT_VERSION = 4.0;
				TARGETED_DEVICE_FAMILY = "1,2";
			};
			name = Debug;
		};
		C9546CDE20F7C935001C9498 /* Release */ = {
			isa = XCBuildConfiguration;
			baseConfigurationReference = 442B9ECAAD2F811D3919539E /* Pods-ESA.release.xcconfig */;
			buildSettings = {
				ASSETCATALOG_COMPILER_APPICON_NAME = AppIcon;
				CODE_SIGN_IDENTITY = "iPhone Developer";
				CODE_SIGN_STYLE = Automatic;
				DEVELOPMENT_TEAM = "";
				INFOPLIST_FILE = ESA/Info.plist;
				LD_RUNPATH_SEARCH_PATHS = (
					"$(inherited)",
					"@executable_path/Frameworks",
				);
				PRODUCT_BUNDLE_IDENTIFIER = com.Tony.ESA;
				PRODUCT_NAME = "$(TARGET_NAME)";
				PROVISIONING_PROFILE_SPECIFIER = "";
				SWIFT_VERSION = 4.0;
				TARGETED_DEVICE_FAMILY = "1,2";
			};
			name = Release;
		};
/* End XCBuildConfiguration section */

/* Begin XCConfigurationList section */
		C9546CC520F7C934001C9498 /* Build configuration list for PBXProject "ESA" */ = {
			isa = XCConfigurationList;
			buildConfigurations = (
				C9546CDA20F7C935001C9498 /* Debug */,
				C9546CDB20F7C935001C9498 /* Release */,
			);
			defaultConfigurationIsVisible = 0;
			defaultConfigurationName = Release;
		};
		C9546CDC20F7C935001C9498 /* Build configuration list for PBXNativeTarget "ESA" */ = {
			isa = XCConfigurationList;
			buildConfigurations = (
				C9546CDD20F7C935001C9498 /* Debug */,
				C9546CDE20F7C935001C9498 /* Release */,
			);
			defaultConfigurationIsVisible = 0;
			defaultConfigurationName = Release;
		};
/* End XCConfigurationList section */
	};
	rootObject = C9546CC220F7C934001C9498 /* Project object */;
}
